
Microsoft Visual Studio Solution File, Format Version 12.00
# Visual Studio Version 16
VisualStudioVersion = 16.0.30907.101
MinimumVisualStudioVersion = 10.0.40219.1
Project("{8BC9CEB8-8B4A-11D0-8D11-00A0C91BC942}") = "mph converted to minutes and seconds per mile", "mph converted to minutes and seconds per mile\mph converted to minutes and seconds per mile.vcxproj", "{3CAFED63-04F0-487A-8129-87504D6DB358}"
EndProject
Global
	GlobalSection(SolutionConfigurationPlatforms) = preSolution
		Debug|x64 = Debug|x64
		Debug|x86 = Debug|x86
		Release|x64 = Release|x64
		Release|x86 = Release|x86
	EndGlobalSection
	GlobalSection(ProjectConfigurationPlatforms) = postSolution
		{3CAFED63-04F0-487A-8129-87504D6DB358}.Debug|x64.ActiveCfg = Debug|x64
		{3CAFED63-04F0-487A-8129-87504D6DB358}.Debug|x64.Build.0 = Debug|x64
		{3CAFED63-04F0-487A-8129-87504D6DB358}.Debug|x86.ActiveCfg = Debug|Win32
		{3CAFED63-04F0-487A-8129-87504D6DB358}.Debug|x86.Build.0 = Debug|Win32
		{3CAFED63-04F0-487A-8129-87504D6DB358}.Release|x64.ActiveCfg = Release|x64
		{3CAFED63-04F0-487A-8129-87504D6DB358}.Release|x64.Build.0 = Release|x64
		{3CAFED63-04F0-487A-8129-87504D6DB358}.Release|x86.ActiveCfg = Release|Win32
		{3CAFED63-04F0-487A-8129-87504D6DB358}.Release|x86.Build.0 = Release|Win32
	EndGlobalSection
	GlobalSection(SolutionProperties) = preSolution
		HideSolutionNode = FALSE
	EndGlobalSection
	GlobalSection(ExtensibilityGlobals) = postSolution
		SolutionGuid = {01153B3D-EDEC-423B-AC9C-E38BD097C9B8}
	EndGlobalSection
EndGlobal
